
Microsoft Visual Studio Solution File, Format Version 12.00
# Visual Studio Version 17
VisualStudioVersion = 17.0.31903.59
MinimumVisualStudioVersion = 10.0.40219.1
Project("{FAE04EC0-301F-11D3-BF4B-00C04F79EFBC}") = "API", "API\API.csproj", "{1F21720A-0E3B-4B91-9D2F-65254AD9E4C5}"
EndProject
Project("{FAE04EC0-301F-11D3-BF4B-00C04F79EFBC}") = "Core", "Core\Core.csproj", "{A58C41E9-1BE5-4FE1-929B-CAEE1D889211}"
EndProject
Project("{FAE04EC0-301F-11D3-BF4B-00C04F79EFBC}") = "Infrastructure", "Infrastructure\Infrastructure.csproj", "{FD529F73-9031-463C-8EF5-79C0B161C163}"
EndProject
Global
	GlobalSection(SolutionConfigurationPlatforms) = preSolution
		Debug|Any CPU = Debug|Any CPU
		Release|Any CPU = Release|Any CPU
	EndGlobalSection
	GlobalSection(SolutionProperties) = preSolution
		HideSolutionNode = FALSE
	EndGlobalSection
	GlobalSection(ProjectConfigurationPlatforms) = postSolution
		{1F21720A-0E3B-4B91-9D2F-65254AD9E4C5}.Debug|Any CPU.ActiveCfg = Debug|Any CPU
		{1F21720A-0E3B-4B91-9D2F-65254AD9E4C5}.Debug|Any CPU.Build.0 = Debug|Any CPU
		{1F21720A-0E3B-4B91-9D2F-65254AD9E4C5}.Release|Any CPU.ActiveCfg = Release|Any CPU
		{1F21720A-0E3B-4B91-9D2F-65254AD9E4C5}.Release|Any CPU.Build.0 = Release|Any CPU
		{A58C41E9-1BE5-4FE1-929B-CAEE1D889211}.Debug|Any CPU.ActiveCfg = Debug|Any CPU
		{A58C41E9-1BE5-4FE1-929B-CAEE1D889211}.Debug|Any CPU.Build.0 = Debug|Any CPU
		{A58C41E9-1BE5-4FE1-929B-CAEE1D889211}.Release|Any CPU.ActiveCfg = Release|Any CPU
		{A58C41E9-1BE5-4FE1-929B-CAEE1D889211}.Release|Any CPU.Build.0 = Release|Any CPU
		{FD529F73-9031-463C-8EF5-79C0B161C163}.Debug|Any CPU.ActiveCfg = Debug|Any CPU
		{FD529F73-9031-463C-8EF5-79C0B161C163}.Debug|Any CPU.Build.0 = Debug|Any CPU
		{FD529F73-9031-463C-8EF5-79C0B161C163}.Release|Any CPU.ActiveCfg = Release|Any CPU
		{FD529F73-9031-463C-8EF5-79C0B161C163}.Release|Any CPU.Build.0 = Release|Any CPU
	EndGlobalSection
EndGlobal
